
Microsoft Visual Studio Solution File, Format Version 9.00
# Visual Studio 2005
Project("{8BC9CEB8-8B4A-11D0-8D11-00A0C91BC942}") = "engine", "engine\engine.vcproj", "{1806F9A0-8CB9-46F6-9DF4-AAD385BEE4A6}"
EndProject
Project("{8BC9CEB8-8B4A-11D0-8D11-00A0C91BC942}") = "arachnid", "arachnid\arachnid.vcproj", "{3C9E39E7-205A-4625-B52A-FD92F2EEAE2D}"
	ProjectSection(ProjectDependencies) = postProject
		{1806F9A0-8CB9-46F6-9DF4-AAD385BEE4A6} = {1806F9A0-8CB9-46F6-9DF4-AAD385BEE4A6}
	EndProjectSection
EndProject
Global
	GlobalSection(SolutionConfigurationPlatforms) = preSolution
		Debug|Win32 = Debug|Win32
		Release|Win32 = Release|Win32
	EndGlobalSection
	GlobalSection(ProjectConfigurationPlatforms) = postSolution
		{1806F9A0-8CB9-46F6-9DF4-AAD385BEE4A6}.Debug|Win32.ActiveCfg = Debug|Win32
		{1806F9A0-8CB9-46F6-9DF4-AAD385BEE4A6}.Debug|Win32.Build.0 = Debug|Win32
		{1806F9A0-8CB9-46F6-9DF4-AAD385BEE4A6}.Release|Win32.ActiveCfg = Release|Win32
		{1806F9A0-8CB9-46F6-9DF4-AAD385BEE4A6}.Release|Win32.Build.0 = Release|Win32
		{3C9E39E7-205A-4625-B52A-FD92F2EEAE2D}.Debug|Win32.ActiveCfg = Debug|Win32
		{3C9E39E7-205A-4625-B52A-FD92F2EEAE2D}.Debug|Win32.Build.0 = Debug|Win32
		{3C9E39E7-205A-4625-B52A-FD92F2EEAE2D}.Release|Win32.ActiveCfg = Release|Win32
		{3C9E39E7-205A-4625-B52A-FD92F2EEAE2D}.Release|Win32.Build.0 = Release|Win32
	EndGlobalSection
	GlobalSection(SolutionProperties) = preSolution
		HideSolutionNode = FALSE
	EndGlobalSection
EndGlobal
